github.com/budimanlai/go-args v0.0.1 h1:4prgT5lq4NdUU7GSrb7v5gGYajZD0v9v1s79DAWjwuI=
github.com/budimanlai/go-args v0.0.1/go.mod h1:b0bfforNqR+7uI0xslP67t+5pztrU0vUnCTzeqXnS8o=
github.com/budimanlai/go-cli-service v0.0.5 h1:r089vlrOtJI5BdVdGMdKwsA/Z3Chruil3xOn5/Z3Btk=
github.com/budimanlai/go-cli-service v0.0.5/go.mod h1:2pzNiv3gxE2tEcbDWQSQaNk2CUv6oboevrGREAv5L8U=
github.com/budimanlai/go-config v0.0.1 h1:gmp7ruxdvwBBCcJq7dg+CWV8KHXo+3H1tj79xJOcZps=
github.com/budimanlai/go-config v0.0.1/go.mod h1:0sH0WYBNKewFlo9Tl+Xi9CSwJ5IC7kEEgqvDluPEpXc=
github.com/budimanlai/go-services-ping v0.0.1 h1:uzSf0agM3IR5ThO+CAdIqVi9qjH2q8+RQjKtAXCU2gs=
github.com/budimanlai/go-services-ping v0.0.1/go.mod h1:tcyKBW9fICqrbxIF4xVSArb5FL/EdgvbGwmKbbeb7gM=
github.com/eqto/dbm v0.14.6 h1:TCTwnJfUCP11KQfMqw0N1gJ2z/HYLugbM+QSX+uHItM=
github.com/eqto/dbm v0.14.6/go.mod h1:SjyGk61QPOHqJEdvwlIA8kp1+nPXsU+EvUEBgHO7NBI=
github.com/go-sql-driver/mysql v1.6.0 h1:BCTh4TKNUYmOmMUcQ3IipzF5prigylS7XXjEkfCHuOE=
github.com/go-sql-driver/mysql v1.6.0/go.mod h1:DCzpHaOWr8IXmIStZouvnhqoel9Qv2LBy8hT2VhHyBg=
